Microsoft Visual Studio Solution File, Format Version 12.00
# Visual Studio 2012
Project("{FAE04EC0-301F-11D3-BF4B-00C04F79EFBC}") = "CarpinterBuilderPrototype", "CarpinterBuilderPrototype.csproj", "{C2248AEE-E86C-4F04-8711-6AE411BA914A}"
EndProject
Global
	GlobalSection(SolutionConfigurationPlatforms) = preSolution
	Debug|Any CPU = Debug|Any CPU
	ExportDebug|Any CPU = ExportDebug|Any CPU
	ExportRelease|Any CPU = ExportRelease|Any CPU
	EndGlobalSection
	GlobalSection(ProjectConfigurationPlatforms) = postSolution
		{C2248AEE-E86C-4F04-8711-6AE411BA914A}.Debug|Any CPU.ActiveCfg = Debug|Any CPU
		{C2248AEE-E86C-4F04-8711-6AE411BA914A}.Debug|Any CPU.Build.0 = Debug|Any CPU
		{C2248AEE-E86C-4F04-8711-6AE411BA914A}.ExportDebug|Any CPU.ActiveCfg = ExportDebug|Any CPU
		{C2248AEE-E86C-4F04-8711-6AE411BA914A}.ExportDebug|Any CPU.Build.0 = ExportDebug|Any CPU
		{C2248AEE-E86C-4F04-8711-6AE411BA914A}.ExportRelease|Any CPU.ActiveCfg = ExportRelease|Any CPU
		{C2248AEE-E86C-4F04-8711-6AE411BA914A}.ExportRelease|Any CPU.Build.0 = ExportRelease|Any CPU
	EndGlobalSection
EndGlobal
